
Microsoft Visual Studio Solution File, Format Version 12.00
# Visual Studio Version 16
VisualStudioVersion = 16.0.31605.320
MinimumVisualStudioVersion = 10.0.40219.1
Project("{FAE04EC0-301F-11D3-BF4B-00C04F79EFBC}") = "API_erros", "API_erros\API_erros.csproj", "{48C66606-C990-4BF5-9099-1B03295D45FC}"
EndProject
Global
	GlobalSection(SolutionConfigurationPlatforms) = preSolution
		Debug|Any CPU = Debug|Any CPU
		Release|Any CPU = Release|Any CPU
	EndGlobalSection
	GlobalSection(ProjectConfigurationPlatforms) = postSolution
		{48C66606-C990-4BF5-9099-1B03295D45FC}.Debug|Any CPU.ActiveCfg = Debug|Any CPU
		{48C66606-C990-4BF5-9099-1B03295D45FC}.Debug|Any CPU.Build.0 = Debug|Any CPU
		{48C66606-C990-4BF5-9099-1B03295D45FC}.Release|Any CPU.ActiveCfg = Release|Any CPU
		{48C66606-C990-4BF5-9099-1B03295D45FC}.Release|Any CPU.Build.0 = Release|Any CPU
	EndGlobalSection
	GlobalSection(SolutionProperties) = preSolution
		HideSolutionNode = FALSE
	EndGlobalSection
	GlobalSection(ExtensibilityGlobals) = postSolution
		SolutionGuid = {227E56E1-B476-43A1-B20A-0E5572BFF437}
	EndGlobalSection
EndGlobal
